{
	"name": "qirong-extension",
	"version": "0.0.1",
	"lockfileVersion": 2,
	"requires": true,
	"packages": {
		"": {
			"name": "qirong-extension",
			"version": "0.0.1",
			"devDependencies": {
				"@types/node": "^18",
				"@types/vscode": "^1.73.0",
				"typescript": "^5.4.2"
			},
			"engines": {
				"vscode": "^1.74.0"
			}
		},
		"node_modules/@types/node": {
			"version": "18.19.48",
			"resolved": "https://registry.npmjs.org/@types/node/-/node-18.19.48.tgz",
			"integrity": "sha512-7WevbG4ekUcRQSZzOwxWgi5dZmTak7FaxXDoW7xVxPBmKx1rTzfmRLkeCgJzcbBnOV2dkhAPc8cCeT6agocpjg==",
			"dev": true,
			"dependencies": {
				"undici-types": "~5.26.4"
			}
		},
		"node_modules/@types/vscode": {
			"version": "1.92.0",
			"dev": true,
			"license": "MIT"
		},
		"node_modules/typescript": {
			"version": "5.5.4",
			"dev": true,
			"license": "Apache-2.0",
			"bin": {
				"tsc": "bin/tsc",
				"tsserver": "bin/tsserver"
			},
			"engines": {
				"node": ">=14.17"
			}
		},
		"node_modules/undici-types": {
			"version": "5.26.5",
			"dev": true,
			"license": "MIT"
		}
	},
	"dependencies": {
		"@types/node": {
			"version": "18.19.48",
			"resolved": "https://registry.npmjs.org/@types/node/-/node-18.19.48.tgz",
			"integrity": "sha512-7WevbG4ekUcRQSZzOwxWgi5dZmTak7FaxXDoW7xVxPBmKx1rTzfmRLkeCgJzcbBnOV2dkhAPc8cCeT6agocpjg==",
			"dev": true,
			"requires": {
				"undici-types": "~5.26.4"
			}
		},
		"@types/vscode": {
			"version": "1.92.0",
			"dev": true
		},
		"typescript": {
			"version": "5.5.4",
			"dev": true
		},
		"undici-types": {
			"version": "5.26.5",
			"dev": true
		}
	}
}
